
Microsoft Visual Studio Solution File, Format Version 12.00
# Visual Studio 15
VisualStudioVersion = 15.0.27130.2010
MinimumVisualStudioVersion = 10.0.40219.1
Project("{FAE04EC0-301F-11D3-BF4B-00C04F79EFBC}") = "Lab1.Console", "Lab1.Console\Lab1.Console.csproj", "{0CDB5F33-8088-4E57-9928-9AF42B36D126}"
EndProject
Project("{FAE04EC0-301F-11D3-BF4B-00C04F79EFBC}") = "Lab01.Core", "Lab01.Core\Lab01.Core.csproj", "{027AB23D-8162-4851-93C1-66E453A03A97}"
EndProject
Global
	GlobalSection(SolutionConfigurationPlatforms) = preSolution
		Debug|Any CPU = Debug|Any CPU
		Release|Any CPU = Release|Any CPU
	EndGlobalSection
	GlobalSection(ProjectConfigurationPlatforms) = postSolution
		{0CDB5F33-8088-4E57-9928-9AF42B36D126}.Debug|Any CPU.ActiveCfg = Debug|Any CPU
		{0CDB5F33-8088-4E57-9928-9AF42B36D126}.Debug|Any CPU.Build.0 = Debug|Any CPU
		{0CDB5F33-8088-4E57-9928-9AF42B36D126}.Release|Any CPU.ActiveCfg = Release|Any CPU
		{0CDB5F33-8088-4E57-9928-9AF42B36D126}.Release|Any CPU.Build.0 = Release|Any CPU
		{027AB23D-8162-4851-93C1-66E453A03A97}.Debug|Any CPU.ActiveCfg = Debug|Any CPU
		{027AB23D-8162-4851-93C1-66E453A03A97}.Debug|Any CPU.Build.0 = Debug|Any CPU
		{027AB23D-8162-4851-93C1-66E453A03A97}.Release|Any CPU.ActiveCfg = Release|Any CPU
		{027AB23D-8162-4851-93C1-66E453A03A97}.Release|Any CPU.Build.0 = Release|Any CPU
	EndGlobalSection
	GlobalSection(SolutionProperties) = preSolution
		HideSolutionNode = FALSE
	EndGlobalSection
	GlobalSection(ExtensibilityGlobals) = postSolution
		SolutionGuid = {92F4AEB7-C464-4FA2-BC4F-6519E75B2368}
	EndGlobalSection
EndGlobal
